// !$*UTF8*$!
{
	archiveVersion = 1;
	classes = {
	};
	objectVersion = 50;
	objects = {

/* Begin PBXBuildFile section */
		9A3F847E25AD8CD1000418F0 /* AppDelegate.swift in Sources */ = {isa = PBXBuildFile; fileRef = 9A3F847D25AD8CD1000418F0 /* AppDelegate.swift */; };
		9A3F848025AD8CD1000418F0 /* SceneDelegate.swift in Sources */ = {isa = PBXBuildFile; fileRef = 9A3F847F25AD8CD1000418F0 /* SceneDelegate.swift */; };
		9A3F848225AD8CD1000418F0 /* ViewController.swift in Sources */ = {isa = PBXBuildFile; fileRef = 9A3F848125AD8CD1000418F0 /* ViewController.swift */; };
		9A3F848525AD8CD1000418F0 /* Main.storyboard in Resources */ = {isa = PBXBuildFile; fileRef = 9A3F848325AD8CD1000418F0 /* Main.storyboard */; };
		9A3F848725AD8CD2000418F0 /* Assets.xcassets in Resources */ = {isa = PBXBuildFile; fileRef = 9A3F848625AD8CD2000418F0 /* Assets.xcassets */; };
		9A3F848A25AD8CD2000418F0 /* LaunchScreen.storyboard in Resources */ = {isa = PBXBuildFile; fileRef = 9A3F848825AD8CD2000418F0 /* LaunchScreen.storyboard */; };
		9A3F849525AD8CD2000418F0 /* UIPageViewControllerTests.swift in Sources */ = {isa = PBXBuildFile; fileRef = 9A3F849425AD8CD2000418F0 /* UIPageViewControllerTests.swift */; };
		9A3F84A025AD8CD2000418F0 /* UIPageViewControllerUITests.swift in Sources */ = {isa = PBXBuildFile; fileRef = 9A3F849F25AD8CD2000418F0 /* UIPageViewControllerUITests.swift */; };
/* End PBXBuildFile section */

/* Begin PBXContainerItemProxy section */
		9A3F849125AD8CD2000418F0 /* PBXContainerItemProxy */ = {
			isa = PBXContainerItemProxy;
			containerPortal = 9A3F847225AD8CD1000418F0 /* Project object */;
			proxyType = 1;
			remoteGlobalIDString = 9A3F847925AD8CD1000418F0;
			remoteInfo = UIPageViewController;
		};
		9A3F849C25AD8CD2000418F0 /* PBXContainerItemProxy */ = {
			isa = PBXContainerItemProxy;
			containerPortal = 9A3F847225AD8CD1000418F0 /* Project object */;
			proxyType = 1;
			remoteGlobalIDString = 9A3F847925AD8CD1000418F0;
			remoteInfo = UIPageViewController;
		};
/* End PBXContainerItemProxy section */

/* Begin PBXFileReference section */
		9A3F847A25AD8CD1000418F0 /* UIPageViewController.app */ = {isa = PBXFileReference; explicitFileType = wrapper.application; includeInIndex = 0; path = UIPageViewController.app; sourceTree = BUILT_PRODUCTS_DIR; };
		9A3F847D25AD8CD1000418F0 /* AppDelegate.swift */ = {isa = PBXFileReference; lastKnownFileType = sourcecode.swift; path = AppDelegate.swift; sourceTree = "<group>"; };
		9A3F847F25AD8CD1000418F0 /* SceneDelegate.swift */ = {isa = PBXFileReference; lastKnownFileType = sourcecode.swift; path = SceneDelegate.swift; sourceTree = "<group>"; };
		9A3F848125AD8CD1000418F0 /* ViewController.swift */ = {isa = PBXFileReference; lastKnownFileType = sourcecode.swift; path = ViewController.swift; sourceTree = "<group>"; };
		9A3F848425AD8CD1000418F0 /* Base */ = {isa = PBXFileReference; lastKnownFileType = file.storyboard; name = Base; path = Base.lproj/Main.storyboard; sourceTree = "<group>"; };
		9A3F848625AD8CD2000418F0 /* Assets.xcassets */ = {isa = PBXFileReference; lastKnownFileType = folder.assetcatalog; path = Assets.xcassets; sourceTree = "<group>"; };
		9A3F848925AD8CD2000418F0 /* Base */ = {isa = PBXFileReference; lastKnownFileType = file.storyboard; name = Base; path = Base.lproj/LaunchScreen.storyboard; sourceTree = "<group>"; };
		9A3F848B25AD8CD2000418F0 /* Info.plist */ = {isa = PBXFileReference; lastKnownFileType = text.plist.xml; path = Info.plist; sourceTree = "<group>"; };
		9A3F849025AD8CD2000418F0 /* UIPageViewControllerTests.xctest */ = {isa = PBXFileReference; explicitFileType = wrapper.cfbundle; includeInIndex = 0; path = UIPageViewControllerTests.xctest; sourceTree = BUILT_PRODUCTS_DIR; };
		9A3F849425AD8CD2000418F0 /* UIPageViewControllerTests.swift */ = {isa = PBXFileReference; lastKnownFileType = sourcecode.swift; path = UIPageViewControllerTests.swift; sourceTree = "<group>"; };
		9A3F849625AD8CD2000418F0 /* Info.plist */ = {isa = PBXFileReference; lastKnownFileType = text.plist.xml; path = Info.plist; sourceTree = "<group>"; };
		9A3F849B25AD8CD2000418F0 /* UIPageViewControllerUITests.xctest */ = {isa = PBXFileReference; explicitFileType = wrapper.cfbundle; includeInIndex = 0; path = UIPageViewControllerUITests.xctest; sourceTree = BUILT_PRODUCTS_DIR; };
		9A3F849F25AD8CD2000418F0 /* UIPageViewControllerUITests.swift */ = {isa = PBXFileReference; lastKnownFileType = sourcecode.swift; path = UIPageViewControllerUITests.swift; sourceTree = "<group>"; };
		9A3F84A125AD8CD2000418F0 /* Info.plist */ = {isa = PBXFileReference; lastKnownFileType = text.plist.xml; path = Info.plist; sourceTree = "<group>"; };
/* End PBXFileReference section */

/* Begin PBXFrameworksBuildPhase section */
		9A3F847725AD8CD1000418F0 /* Frameworks */ = {
			isa = PBXFrameworksBuildPhase;
			buildActionMask = 2147483647;
			files = (
			);
			runOnlyForDeploymentPostprocessing = 0;
		};
		9A3F848D25AD8CD2000418F0 /* Frameworks */ = {
			isa = PBXFrameworksBuildPhase;
			buildActionMask = 2147483647;
			files = (
			);
			runOnlyForDeploymentPostprocessing = 0;
		};
		9A3F849825AD8CD2000418F0 /* Frameworks */ = {
			isa = PBXFrameworksBuildPhase;
			buildActionMask = 2147483647;
			files = (
			);
			runOnlyForDeploymentPostprocessing = 0;
		};
/* End PBXFrameworksBuildPhase section */

/* Begin PBXGroup section */
		9A3F847125AD8CD1000418F0 = {
			isa = PBXGroup;
			children = (
				9A3F847C25AD8CD1000418F0 /* UIPageViewController */,
				9A3F849325AD8CD2000418F0 /* UIPageViewControllerTests */,
				9A3F849E25AD8CD2000418F0 /* UIPageViewControllerUITests */,
				9A3F847B25AD8CD1000418F0 /* Products */,
			);
			sourceTree = "<group>";
		};
		9A3F847B25AD8CD1000418F0 /* Products */ = {
			isa = PBXGroup;
			children = (
				9A3F847A25AD8CD1000418F0 /* UIPageViewController.app */,
				9A3F849025AD8CD2000418F0 /* UIPageViewControllerTests.xctest */,
				9A3F849B25AD8CD2000418F0 /* UIPageViewControllerUITests.xctest */,
			);
			name = Products;
			sourceTree = "<group>";
		};
		9A3F847C25AD8CD1000418F0 /* UIPageViewController */ = {
			isa = PBXGroup;
			children = (
				9A3F847D25AD8CD1000418F0 /* AppDelegate.swift */,
				9A3F847F25AD8CD1000418F0 /* SceneDelegate.swift */,
				9A3F848125AD8CD1000418F0 /* ViewController.swift */,
				9A3F848325AD8CD1000418F0 /* Main.storyboard */,
				9A3F848625AD8CD2000418F0 /* Assets.xcassets */,
				9A3F848825AD8CD2000418F0 /* LaunchScreen.storyboard */,
				9A3F848B25AD8CD2000418F0 /* Info.plist */,
			);
			path = UIPageViewController;
			sourceTree = "<group>";
		};
		9A3F849325AD8CD2000418F0 /* UIPageViewControllerTests */ = {
			isa = PBXGroup;
			children = (
				9A3F849425AD8CD2000418F0 /* UIPageViewControllerTests.swift */,
				9A3F849625AD8CD2000418F0 /* Info.plist */,
			);
			path = UIPageViewControllerTests;
			sourceTree = "<group>";
		};
		9A3F849E25AD8CD2000418F0 /* UIPageViewControllerUITests */ = {
			isa = PBXGroup;
			children = (
				9A3F849F25AD8CD2000418F0 /* UIPageViewControllerUITests.swift */,
				9A3F84A125AD8CD2000418F0 /* Info.plist */,
			);
			path = UIPageViewControllerUITests;
			sourceTree = "<group>";
		};
/* End PBXGroup section */

/* Begin PBXNativeTarget section */
		9A3F847925AD8CD1000418F0 /* UIPageViewController */ = {
			isa = PBXNativeTarget;
			buildConfigurationList = 9A3F84A425AD8CD2000418F0 /* Build configuration list for PBXNativeTarget "UIPageViewController" */;
			buildPhases = (
				9A3F847625AD8CD1000418F0 /* Sources */,
				9A3F847725AD8CD1000418F0 /* Frameworks */,
				9A3F847825AD8CD1000418F0 /* Resources */,
			);
			buildRules = (
			);
			dependencies = (
			);
			name = UIPageViewController;
			productName = UIPageViewController;
			productReference = 9A3F847A25AD8CD1000418F0 /* UIPageViewController.app */;
			productType = "com.apple.product-type.application";
		};
		9A3F848F25AD8CD2000418F0 /* UIPageViewControllerTests */ = {
			isa = PBXNativeTarget;
			buildConfigurationList = 9A3F84A725AD8CD2000418F0 /* Build configuration list for PBXNativeTarget "UIPageViewControllerTests" */;
			buildPhases = (
				9A3F848C25AD8CD2000418F0 /* Sources */,
				9A3F848D25AD8CD2000418F0 /* Frameworks */,
				9A3F848E25AD8CD2000418F0 /* Resources */,
			);
			buildRules = (
			);
			dependencies = (
				9A3F849225AD8CD2000418F0 /* PBXTargetDependency */,
			);
			name = UIPageViewControllerTests;
			productName = UIPageViewControllerTests;
			productReference = 9A3F849025AD8CD2000418F0 /* UIPageViewControllerTests.xctest */;
			productType = "com.apple.product-type.bundle.unit-test";
		};
		9A3F849A25AD8CD2000418F0 /* UIPageViewControllerUITests */ = {
			isa = PBXNativeTarget;
			buildConfigurationList = 9A3F84AA25AD8CD2000418F0 /* Build configuration list for PBXNativeTarget "UIPageViewControllerUITests" */;
			buildPhases = (
				9A3F849725AD8CD2000418F0 /* Sources */,
				9A3F849825AD8CD2000418F0 /* Frameworks */,
				9A3F849925AD8CD2000418F0 /* Resources */,
			);
			buildRules = (
			);
			dependencies = (
				9A3F849D25AD8CD2000418F0 /* PBXTargetDependency */,
			);
			name = UIPageViewControllerUITests;
			productName = UIPageViewControllerUITests;
			productReference = 9A3F849B25AD8CD2000418F0 /* UIPageViewControllerUITests.xctest */;
			productType = "com.apple.product-type.bundle.ui-testing";
		};
/* End PBXNativeTarget section */

/* Begin PBXProject section */
		9A3F847225AD8CD1000418F0 /* Project object */ = {
			isa = PBXProject;
			attributes = {
				LastSwiftUpdateCheck = 1130;
				LastUpgradeCheck = 1130;
				ORGANIZATIONNAME = "Umezawa Keisuke";
				TargetAttributes = {
					9A3F847925AD8CD1000418F0 = {
						CreatedOnToolsVersion = 11.3.1;
					};
					9A3F848F25AD8CD2000418F0 = {
						CreatedOnToolsVersion = 11.3.1;
						TestTargetID = 9A3F847925AD8CD1000418F0;
					};
					9A3F849A25AD8CD2000418F0 = {
						CreatedOnToolsVersion = 11.3.1;
						TestTargetID = 9A3F847925AD8CD1000418F0;
					};
				};
			};
			buildConfigurationList = 9A3F847525AD8CD1000418F0 /* Build configuration list for PBXProject "UIPageViewController" */;
			compatibilityVersion = "Xcode 9.3";
			developmentRegion = en;
			hasScannedForEncodings = 0;
			knownRegions = (
				en,
				Base,
			);
			mainGroup = 9A3F847125AD8CD1000418F0;
			productRefGroup = 9A3F847B25AD8CD1000418F0 /* Products */;
			projectDirPath = "";
			projectRoot = "";
			targets = (
				9A3F847925AD8CD1000418F0 /* UIPageViewController */,
				9A3F848F25AD8CD2000418F0 /* UIPageViewControllerTests */,
				9A3F849A25AD8CD2000418F0 /* UIPageViewControllerUITests */,
			);
		};
/* End PBXProject section */

/* Begin PBXResourcesBuildPhase section */
		9A3F847825AD8CD1000418F0 /* Resources */ = {
			isa = PBXResourcesBuildPhase;
			buildActionMask = 2147483647;
			files = (
				9A3F848A25AD8CD2000418F0 /* LaunchScreen.storyboard in Resources */,
				9A3F848725AD8CD2000418F0 /* Assets.xcassets in Resources */,
				9A3F848525AD8CD1000418F0 /* Main.storyboard in Resources */,
			);
			runOnlyForDeploymentPostprocessing = 0;
		};
		9A3F848E25AD8CD2000418F0 /* Resources */ = {
			isa = PBXResourcesBuildPhase;
			buildActionMask = 2147483647;
			files = (
			);
			runOnlyForDeploymentPostprocessing = 0;
		};
		9A3F849925AD8CD2000418F0 /* Resources */ = {
			isa = PBXResourcesBuildPhase;
			buildActionMask = 2147483647;
			files = (
			);
			runOnlyForDeploymentPostprocessing = 0;
		};
/* End PBXResourcesBuildPhase section */

/* Begin PBXSourcesBuildPhase section */
		9A3F847625AD8CD1000418F0 /* Sources */ = {
			isa = PBXSourcesBuildPhase;
			buildActionMask = 2147483647;
			files = (
				9A3F848225AD8CD1000418F0 /* ViewController.swift in Sources */,
				9A3F847E25AD8CD1000418F0 /* AppDelegate.swift in Sources */,
				9A3F848025AD8CD1000418F0 /* SceneDelegate.swift in Sources */,
			);
			runOnlyForDeploymentPostprocessing = 0;
		};
		9A3F848C25AD8CD2000418F0 /* Sources */ = {
			isa = PBXSourcesBuildPhase;
			buildActionMask = 2147483647;
			files = (
				9A3F849525AD8CD2000418F0 /* UIPageViewControllerTests.swift in Sources */,
			);
			runOnlyForDeploymentPostprocessing = 0;
		};
		9A3F849725AD8CD2000418F0 /* Sources */ = {
			isa = PBXSourcesBuildPhase;
			buildActionMask = 2147483647;
			files = (
				9A3F84A025AD8CD2000418F0 /* UIPageViewControllerUITests.swift in Sources */,
			);
			runOnlyForDeploymentPostprocessing = 0;
		};
/* End PBXSourcesBuildPhase section */

/* Begin PBXTargetDependency section */
		9A3F849225AD8CD2000418F0 /* PBXTargetDependency */ = {
			isa = PBXTargetDependency;
			target = 9A3F847925AD8CD1000418F0 /* UIPageViewController */;
			targetProxy = 9A3F849125AD8CD2000418F0 /* PBXContainerItemProxy */;
		};
		9A3F849D25AD8CD2000418F0 /* PBXTargetDependency */ = {
			isa = PBXTargetDependency;
			target = 9A3F847925AD8CD1000418F0 /* UIPageViewController */;
			targetProxy = 9A3F849C25AD8CD2000418F0 /* PBXContainerItemProxy */;
		};
/* End PBXTargetDependency section */

/* Begin PBXVariantGroup section */
		9A3F848325AD8CD1000418F0 /* Main.storyboard */ = {
			isa = PBXVariantGroup;
			children = (
				9A3F848425AD8CD1000418F0 /* Base */,
			);
			name = Main.storyboard;
			sourceTree = "<group>";
		};
		9A3F848825AD8CD2000418F0 /* LaunchScreen.storyboard */ = {
			isa = PBXVariantGroup;
			children = (
				9A3F848925AD8CD2000418F0 /* Base */,
			);
			name = LaunchScreen.storyboard;
			sourceTree = "<group>";
		};
/* End PBXVariantGroup section */

/* Begin XCBuildConfiguration section */
		9A3F84A225AD8CD2000418F0 /* Debug */ = {
			isa = XCBuildConfiguration;
			buildSettings = {
				ALWAYS_SEARCH_USER_PATHS = NO;
				CLANG_ANALYZER_NONNULL = YES;
				CLANG_ANALYZER_NUMBER_OBJECT_CONVERSION = YES_AGGRESSIVE;
				CLANG_CXX_LANGUAGE_STANDARD = "gnu++14";
				CLANG_CXX_LIBRARY = "libc++";
				CLANG_ENABLE_MODULES = YES;
				CLANG_ENABLE_OBJC_ARC = YES;
				CLANG_ENABLE_OBJC_WEAK = YES;
				CLANG_WARN_BLOCK_CAPTURE_AUTORELEASING = YES;
				CLANG_WARN_BOOL_CONVERSION = YES;
				CLANG_WARN_COMMA = YES;
				CLANG_WARN_CONSTANT_CONVERSION = YES;
				CLANG_WARN_DEPRECATED_OBJC_IMPLEMENTATIONS = YES;
				CLANG_WARN_DIRECT_OBJC_ISA_USAGE = YES_ERROR;
				CLANG_WARN_DOCUMENTATION_COMMENTS = YES;
				CLANG_WARN_EMPTY_BODY = YES;
				CLANG_WARN_ENUM_CONVERSION = YES;
				CLANG_WARN_INFINITE_RECURSION = YES;
				CLANG_WARN_INT_CONVERSION = YES;
				CLANG_WARN_NON_LITERAL_NULL_CONVERSION = YES;
				CLANG_WARN_OBJC_IMPLICIT_RETAIN_SELF = YES;
				CLANG_WARN_OBJC_LITERAL_CONVERSION = YES;
				CLANG_WARN_OBJC_ROOT_CLASS = YES_ERROR;
				CLANG_WARN_RANGE_LOOP_ANALYSIS = YES;
				CLANG_WARN_STRICT_PROTOTYPES = YES;
				CLANG_WARN_SUSPICIOUS_MOVE = YES;
				CLANG_WARN_UNGUARDED_AVAILABILITY = YES_AGGRESSIVE;
				CLANG_WARN_UNREACHABLE_CODE = YES;
				CLANG_WARN__DUPLICATE_METHOD_MATCH = YES;
				COPY_PHASE_STRIP = NO;
				DEBUG_INFORMATION_FORMAT = dwarf;
				ENABLE_STRICT_OBJC_MSGSEND = YES;
				ENABLE_TESTABILITY = YES;
				GCC_C_LANGUAGE_STANDARD = gnu11;
				GCC_DYNAMIC_NO_PIC = NO;
				GCC_NO_COMMON_BLOCKS = YES;
				GCC_OPTIMIZATION_LEVEL = 0;
				GCC_PREPROCESSOR_DEFINITIONS = (
					"DEBUG=1",
					"$(inherited)",
				);
				GCC_WARN_64_TO_32_BIT_CONVERSION = YES;
				GCC_WARN_ABOUT_RETURN_TYPE = YES_ERROR;
				GCC_WARN_UNDECLARED_SELECTOR = YES;
				GCC_WARN_UNINITIALIZED_AUTOS = YES_AGGRESSIVE;
				GCC_WARN_UNUSED_FUNCTION = YES;
				GCC_WARN_UNUSED_VARIABLE = YES;
				IPHONEOS_DEPLOYMENT_TARGET = 13.2;
				MTL_ENABLE_DEBUG_INFO = INCLUDE_SOURCE;
				MTL_FAST_MATH = YES;
				ONLY_ACTIVE_ARCH = YES;
				SDKROOT = iphoneos;
				SWIFT_ACTIVE_COMPILATION_CONDITIONS = DEBUG;
				SWIFT_OPTIMIZATION_LEVEL = "-Onone";
			};
			name = Debug;
		};
		9A3F84A325AD8CD2000418F0 /* Release */ = {
			isa = XCBuildConfiguration;
			buildSettings = {
				ALWAYS_SEARCH_USER_PATHS = NO;
				CLANG_ANALYZER_NONNULL = YES;
				CLANG_ANALYZER_NUMBER_OBJECT_CONVERSION = YES_AGGRESSIVE;
				CLANG_CXX_LANGUAGE_STANDARD = "gnu++14";
				CLANG_CXX_LIBRARY = "libc++";
				CLANG_ENABLE_MODULES = YES;
				CLANG_ENABLE_OBJC_ARC = YES;
				CLANG_ENABLE_OBJC_WEAK = YES;
				CLANG_WARN_BLOCK_CAPTURE_AUTORELEASING = YES;
				CLANG_WARN_BOOL_CONVERSION = YES;
				CLANG_WARN_COMMA = YES;
				CLANG_WARN_CONSTANT_CONVERSION = YES;
				CLANG_WARN_DEPRECATED_OBJC_IMPLEMENTATIONS = YES;
				CLANG_WARN_DIRECT_OBJC_ISA_USAGE = YES_ERROR;
				CLANG_WARN_DOCUMENTATION_COMMENTS = YES;
				CLANG_WARN_EMPTY_BODY = YES;
				CLANG_WARN_ENUM_CONVERSION = YES;
				CLANG_WARN_INFINITE_RECURSION = YES;
				CLANG_WARN_INT_CONVERSION = YES;
				CLANG_WARN_NON_LITERAL_NULL_CONVERSION = YES;
				CLANG_WARN_OBJC_IMPLICIT_RETAIN_SELF = YES;
				CLANG_WARN_OBJC_LITERAL_CONVERSION = YES;
				CLANG_WARN_OBJC_ROOT_CLASS = YES_ERROR;
				CLANG_WARN_RANGE_LOOP_ANALYSIS = YES;
				CLANG_WARN_STRICT_PROTOTYPES = YES;
				CLANG_WARN_SUSPICIOUS_MOVE = YES;
				CLANG_WARN_UNGUARDED_AVAILABILITY = YES_AGGRESSIVE;
				CLANG_WARN_UNREACHABLE_CODE = YES;
				CLANG_WARN__DUPLICATE_METHOD_MATCH = YES;
				COPY_PHASE_STRIP = NO;
				DEBUG_INFORMATION_FORMAT = "dwarf-with-dsym";
				ENABLE_NS_ASSERTIONS = NO;
				ENABLE_STRICT_OBJC_MSGSEND = YES;
				GCC_C_LANGUAGE_STANDARD = gnu11;
				GCC_NO_COMMON_BLOCKS = YES;
				GCC_WARN_64_TO_32_BIT_CONVERSION = YES;
				GCC_WARN_ABOUT_RETURN_TYPE = YES_ERROR;
				GCC_WARN_UNDECLARED_SELECTOR = YES;
				GCC_WARN_UNINITIALIZED_AUTOS = YES_AGGRESSIVE;
				GCC_WARN_UNUSED_FUNCTION = YES;
				GCC_WARN_UNUSED_VARIABLE = YES;
				IPHONEOS_DEPLOYMENT_TARGET = 13.2;
				MTL_ENABLE_DEBUG_INFO = NO;
				MTL_FAST_MATH = YES;
				SDKROOT = iphoneos;
				SWIFT_COMPILATION_MODE = wholemodule;
				SWIFT_OPTIMIZATION_LEVEL = "-O";
				VALIDATE_PRODUCT = YES;
			};
			name = Release;
		};
		9A3F84A525AD8CD2000418F0 /* Debug */ = {
			isa = XCBuildConfiguration;
			buildSettings = {
				ASSETCATALOG_COMPILER_APPICON_NAME = AppIcon;
				CODE_SIGN_STYLE = Automatic;
				INFOPLIST_FILE = UIPageViewController/Info.plist;
				LD_RUNPATH_SEARCH_PATHS = (
					"$(inherited)",
					"@executable_path/Frameworks",
				);
				PRODUCT_BUNDLE_IDENTIFIER = keisuke.UIPageViewController;
				PRODUCT_NAME = "$(TARGET_NAME)";
				SWIFT_VERSION = 5.0;
				TARGETED_DEVICE_FAMILY = "1,2";
			};
			name = Debug;
		};
		9A3F84A625AD8CD2000418F0 /* Release */ = {
			isa = XCBuildConfiguration;
			buildSettings = {
				ASSETCATALOG_COMPILER_APPICON_NAME = AppIcon;
				CODE_SIGN_STYLE = Automatic;
				INFOPLIST_FILE = UIPageViewController/Info.plist;
				LD_RUNPATH_SEARCH_PATHS = (
					"$(inherited)",
					"@executable_path/Frameworks",
				);
				PRODUCT_BUNDLE_IDENTIFIER = keisuke.UIPageViewController;
				PRODUCT_NAME = "$(TARGET_NAME)";
				SWIFT_VERSION = 5.0;
				TARGETED_DEVICE_FAMILY = "1,2";
			};
			name = Release;
		};
		9A3F84A825AD8CD2000418F0 /* Debug */ = {
			isa = XCBuildConfiguration;
			buildSettings = {
				ALWAYS_EMBED_SWIFT_STANDARD_LIBRARIES = YES;
				BUNDLE_LOADER = "$(TEST_HOST)";
				CODE_SIGN_STYLE = Automatic;
				INFOPLIST_FILE = UIPageViewControllerTests/Info.plist;
				IPHONEOS_DEPLOYMENT_TARGET = 13.2;
				LD_RUNPATH_SEARCH_PATHS = (
					"$(inherited)",
					"@executable_path/Frameworks",
					"@loader_path/Frameworks",
				);
				PRODUCT_BUNDLE_IDENTIFIER = keisuke.UIPageViewControllerTests;
				PRODUCT_NAME = "$(TARGET_NAME)";
				SWIFT_VERSION = 5.0;
				TARGETED_DEVICE_FAMILY = "1,2";
				TEST_HOST = "$(BUILT_PRODUCTS_DIR)/UIPageViewController.app/UIPageViewController";
			};
			name = Debug;
		};
		9A3F84A925AD8CD2000418F0 /* Release */ = {
			isa = XCBuildConfiguration;
			buildSettings = {
				ALWAYS_EMBED_SWIFT_STANDARD_LIBRARIES = YES;
				BUNDLE_LOADER = "$(TEST_HOST)";
				CODE_SIGN_STYLE = Automatic;
				INFOPLIST_FILE = UIPageViewControllerTests/Info.plist;
				IPHONEOS_DEPLOYMENT_TARGET = 13.2;
				LD_RUNPATH_SEARCH_PATHS = (
					"$(inherited)",
					"@executable_path/Frameworks",
					"@loader_path/Frameworks",
				);
				PRODUCT_BUNDLE_IDENTIFIER = keisuke.UIPageViewControllerTests;
				PRODUCT_NAME = "$(TARGET_NAME)";
				SWIFT_VERSION = 5.0;
				TARGETED_DEVICE_FAMILY = "1,2";
				TEST_HOST = "$(BUILT_PRODUCTS_DIR)/UIPageViewController.app/UIPageViewController";
			};
			name = Release;
		};
		9A3F84AB25AD8CD2000418F0 /* Debug */ = {
			isa = XCBuildConfiguration;
			buildSettings = {
				ALWAYS_EMBED_SWIFT_STANDARD_LIBRARIES = YES;
				CODE_SIGN_STYLE = Automatic;
				INFOPLIST_FILE = UIPageViewControllerUITests/Info.plist;
				LD_RUNPATH_SEARCH_PATHS = (
					"$(inherited)",
					"@executable_path/Frameworks",
					"@loader_path/Frameworks",
				);
				PRODUCT_BUNDLE_IDENTIFIER = keisuke.UIPageViewControllerUITests;
				PRODUCT_NAME = "$(TARGET_NAME)";
				SWIFT_VERSION = 5.0;
				TARGETED_DEVICE_FAMILY = "1,2";
				TEST_TARGET_NAME = UIPageViewController;
			};
			name = Debug;
		};
		9A3F84AC25AD8CD2000418F0 /* Release */ = {
			isa = XCBuildConfiguration;
			buildSettings = {
				ALWAYS_EMBED_SWIFT_STANDARD_LIBRARIES = YES;
				CODE_SIGN_STYLE = Automatic;
				INFOPLIST_FILE = UIPageViewControllerUITests/Info.plist;
				LD_RUNPATH_SEARCH_PATHS = (
					"$(inherited)",
					"@executable_path/Frameworks",
					"@loader_path/Frameworks",
				);
				PRODUCT_BUNDLE_IDENTIFIER = keisuke.UIPageViewControllerUITests;
				PRODUCT_NAME = "$(TARGET_NAME)";
				SWIFT_VERSION = 5.0;
				TARGETED_DEVICE_FAMILY = "1,2";
				TEST_TARGET_NAME = UIPageViewController;
			};
			name = Release;
		};
/* End XCBuildConfiguration section */

/* Begin XCConfigurationList section */
		9A3F847525AD8CD1000418F0 /* Build configuration list for PBXProject "UIPageViewController" */ = {
			isa = XCConfigurationList;
			buildConfigurations = (
				9A3F84A225AD8CD2000418F0 /* Debug */,
				9A3F84A325AD8CD2000418F0 /* Release */,
			);
			defaultConfigurationIsVisible = 0;
			defaultConfigurationName = Release;
		};
		9A3F84A425AD8CD2000418F0 /* Build configuration list for PBXNativeTarget "UIPageViewController" */ = {
			isa = XCConfigurationList;
			buildConfigurations = (
				9A3F84A525AD8CD2000418F0 /* Debug */,
				9A3F84A625AD8CD2000418F0 /* Release */,
			);
			defaultConfigurationIsVisible = 0;
			defaultConfigurationName = Release;
		};
		9A3F84A725AD8CD2000418F0 /* Build configuration list for PBXNativeTarget "UIPageViewControllerTests" */ = {
			isa = XCConfigurationList;
			buildConfigurations = (
				9A3F84A825AD8CD2000418F0 /* Debug */,
				9A3F84A925AD8CD2000418F0 /* Release */,
			);
			defaultConfigurationIsVisible = 0;
			defaultConfigurationName = Release;
		};
		9A3F84AA25AD8CD2000418F0 /* Build configuration list for PBXNativeTarget "UIPageViewControllerUITests" */ = {
			isa = XCConfigurationList;
			buildConfigurations = (
				9A3F84AB25AD8CD2000418F0 /* Debug */,
				9A3F84AC25AD8CD2000418F0 /* Release */,
			);
			defaultConfigurationIsVisible = 0;
			defaultConfigurationName = Release;
		};
/* End XCConfigurationList section */
	};
	rootObject = 9A3F847225AD8CD1000418F0 /* Project object */;
}
